// !$*UTF8*$!
{
	archiveVersion = 1;
	classes = {
	};
	objectVersion = 56;
	objects = {

/* Begin PBXBuildFile section */
		7A14ED6F2A99FB1E00835B76 /* Subjects.swift in Sources */ = {isa = PBXBuildFile; fileRef = 7A14ED6E2A99FB1E00835B76 /* Subjects.swift */; };
		7A568DBA2A58F46200F907CA /* YCForumApp.swift in Sources */ = {isa = PBXBuildFile; fileRef = 7A568DB92A58F46200F907CA /* YCForumApp.swift */; };
		7A568DBE2A58F46200F907CA /* Assets.xcassets in Resources */ = {isa = PBXBuildFile; fileRef = 7A568DBD2A58F46200F907CA /* Assets.xcassets */; };
		7A568DC12A58F46200F907CA /* Preview Assets.xcassets in Resources */ = {isa = PBXBuildFile; fileRef = 7A568DC02A58F46200F907CA /* Preview Assets.xcassets */; };
		7A568DC92A58F53C00F907CA /* MainPage.swift in Sources */ = {isa = PBXBuildFile; fileRef = 7A568DC82A58F53C00F907CA /* MainPage.swift */; };
		7A568DCC2A58F5FA00F907CA /* PageStyle.swift in Sources */ = {isa = PBXBuildFile; fileRef = 7A568DCB2A58F5FA00F907CA /* PageStyle.swift */; };
		7A568DCE2A58FAF000F907CA /* CardView.swift in Sources */ = {isa = PBXBuildFile; fileRef = 7A568DCD2A58FAF000F907CA /* CardView.swift */; };
		7A568DD02A58FBB300F907CA /* Theme.swift in Sources */ = {isa = PBXBuildFile; fileRef = 7A568DCF2A58FBB300F907CA /* Theme.swift */; };
		7A568DD22A58FCF700F907CA /* DetailView.swift in Sources */ = {isa = PBXBuildFile; fileRef = 7A568DD12A58FCF700F907CA /* DetailView.swift */; };
		7A568DD42A59007600F907CA /* EditView.swift in Sources */ = {isa = PBXBuildFile; fileRef = 7A568DD32A59007600F907CA /* EditView.swift */; };
		7A568DD62A59016B00F907CA /* ThemePicker.swift in Sources */ = {isa = PBXBuildFile; fileRef = 7A568DD52A59016B00F907CA /* ThemePicker.swift */; };
		7A568DD82A5901A300F907CA /* ThemeView.swift in Sources */ = {isa = PBXBuildFile; fileRef = 7A568DD72A5901A300F907CA /* ThemeView.swift */; };
		7AFECE752A5AA4B900256CA2 /* NewSheet.swift in Sources */ = {isa = PBXBuildFile; fileRef = 7AFECE742A5AA4B900256CA2 /* NewSheet.swift */; };
/* End PBXBuildFile section */

/* Begin PBXFileReference section */
		7A14ED6E2A99FB1E00835B76 /* Subjects.swift */ = {isa = PBXFileReference; lastKnownFileType = sourcecode.swift; path = Subjects.swift; sourceTree = "<group>"; };
		7A568DB62A58F46200F907CA /* YCForum.app */ = {isa = PBXFileReference; explicitFileType = wrapper.application; includeInIndex = 0; path = YCForum.app; sourceTree = BUILT_PRODUCTS_DIR; };
		7A568DB92A58F46200F907CA /* YCForumApp.swift */ = {isa = PBXFileReference; lastKnownFileType = sourcecode.swift; path = YCForumApp.swift; sourceTree = "<group>"; };
		7A568DBD2A58F46200F907CA /* Assets.xcassets */ = {isa = PBXFileReference; lastKnownFileType = folder.assetcatalog; path = Assets.xcassets; sourceTree = "<group>"; };
		7A568DC02A58F46200F907CA /* Preview Assets.xcassets */ = {isa = PBXFileReference; lastKnownFileType = folder.assetcatalog; path = "Preview Assets.xcassets"; sourceTree = "<group>"; };
		7A568DC82A58F53C00F907CA /* MainPage.swift */ = {isa = PBXFileReference; lastKnownFileType = sourcecode.swift; path = MainPage.swift; sourceTree = "<group>"; };
		7A568DCB2A58F5FA00F907CA /* PageStyle.swift */ = {isa = PBXFileReference; lastKnownFileType = sourcecode.swift; path = PageStyle.swift; sourceTree = "<group>"; };
		7A568DCD2A58FAF000F907CA /* CardView.swift */ = {isa = PBXFileReference; lastKnownFileType = sourcecode.swift; path = CardView.swift; sourceTree = "<group>"; };
		7A568DCF2A58FBB300F907CA /* Theme.swift */ = {isa = PBXFileReference; lastKnownFileType = sourcecode.swift; path = Theme.swift; sourceTree = "<group>"; };
		7A568DD12A58FCF700F907CA /* DetailView.swift */ = {isa = PBXFileReference; lastKnownFileType = sourcecode.swift; path = DetailView.swift; sourceTree = "<group>"; };
		7A568DD32A59007600F907CA /* EditView.swift */ = {isa = PBXFileReference; lastKnownFileType = sourcecode.swift; path = EditView.swift; sourceTree = "<group>"; };
		7A568DD52A59016B00F907CA /* ThemePicker.swift */ = {isa = PBXFileReference; lastKnownFileType = sourcecode.swift; path = ThemePicker.swift; sourceTree = "<group>"; };
		7A568DD72A5901A300F907CA /* ThemeView.swift */ = {isa = PBXFileReference; lastKnownFileType = sourcecode.swift; path = ThemeView.swift; sourceTree = "<group>"; };
		7AFECE742A5AA4B900256CA2 /* NewSheet.swift */ = {isa = PBXFileReference; lastKnownFileType = sourcecode.swift; path = NewSheet.swift; sourceTree = "<group>"; };
/* End PBXFileReference section */

/* Begin PBXFrameworksBuildPhase section */
		7A568DB32A58F46200F907CA /* Frameworks */ = {
			isa = PBXFrameworksBuildPhase;
			buildActionMask = 2147483647;
			files = (
			);
			runOnlyForDeploymentPostprocessing = 0;
		};
/* End PBXFrameworksBuildPhase section */

/* Begin PBXGroup section */
		7A568DAD2A58F46200F907CA = {
			isa = PBXGroup;
			children = (
				7A568DB82A58F46200F907CA /* YCForum */,
				7A568DB72A58F46200F907CA /* Products */,
			);
			sourceTree = "<group>";
		};
		7A568DB72A58F46200F907CA /* Products */ = {
			isa = PBXGroup;
			children = (
				7A568DB62A58F46200F907CA /* YCForum.app */,
			);
			name = Products;
			sourceTree = "<group>";
		};
		7A568DB82A58F46200F907CA /* YCForum */ = {
			isa = PBXGroup;
			children = (
				7A568DCA2A58F5DF00F907CA /* Styles */,
				7A568DC72A58F52600F907CA /* Views */,
				7A568DB92A58F46200F907CA /* YCForumApp.swift */,
				7A568DBD2A58F46200F907CA /* Assets.xcassets */,
				7A568DBF2A58F46200F907CA /* Preview Content */,
			);
			path = YCForum;
			sourceTree = "<group>";
		};
		7A568DBF2A58F46200F907CA /* Preview Content */ = {
			isa = PBXGroup;
			children = (
				7A568DC02A58F46200F907CA /* Preview Assets.xcassets */,
			);
			path = "Preview Content";
			sourceTree = "<group>";
		};
		7A568DC72A58F52600F907CA /* Views */ = {
			isa = PBXGroup;
			children = (
				7A568DC82A58F53C00F907CA /* MainPage.swift */,
				7A568DCD2A58FAF000F907CA /* CardView.swift */,
				7A568DD12A58FCF700F907CA /* DetailView.swift */,
				7A568DD32A59007600F907CA /* EditView.swift */,
				7A568DD52A59016B00F907CA /* ThemePicker.swift */,
				7A568DD72A5901A300F907CA /* ThemeView.swift */,
				7AFECE742A5AA4B900256CA2 /* NewSheet.swift */,
			);
			path = Views;
			sourceTree = "<group>";
		};
		7A568DCA2A58F5DF00F907CA /* Styles */ = {
			isa = PBXGroup;
			children = (
				7A568DCB2A58F5FA00F907CA /* PageStyle.swift */,
				7A568DCF2A58FBB300F907CA /* Theme.swift */,
				7A14ED6E2A99FB1E00835B76 /* Subjects.swift */,
			);
			path = Styles;
			sourceTree = "<group>";
		};
/* End PBXGroup section */

/* Begin PBXNativeTarget section */
		7A568DB52A58F46200F907CA /* YCForum */ = {
			isa = PBXNativeTarget;
			buildConfigurationList = 7A568DC42A58F46200F907CA /* Build configuration list for PBXNativeTarget "YCForum" */;
			buildPhases = (
				7A568DB22A58F46200F907CA /* Sources */,
				7A568DB32A58F46200F907CA /* Frameworks */,
				7A568DB42A58F46200F907CA /* Resources */,
			);
			buildRules = (
			);
			dependencies = (
			);
			name = YCForum;
			productName = YCForum;
			productReference = 7A568DB62A58F46200F907CA /* YCForum.app */;
			productType = "com.apple.product-type.application";
		};
/* End PBXNativeTarget section */

/* Begin PBXProject section */
		7A568DAE2A58F46200F907CA /* Project object */ = {
			isa = PBXProject;
			attributes = {
				BuildIndependentTargetsInParallel = 1;
				LastSwiftUpdateCheck = 1430;
				LastUpgradeCheck = 1430;
				TargetAttributes = {
					7A568DB52A58F46200F907CA = {
						CreatedOnToolsVersion = 14.3.1;
					};
				};
			};
			buildConfigurationList = 7A568DB12A58F46200F907CA /* Build configuration list for PBXProject "YCForum" */;
			compatibilityVersion = "Xcode 14.0";
			developmentRegion = en;
			hasScannedForEncodings = 0;
			knownRegions = (
				en,
				Base,
			);
			mainGroup = 7A568DAD2A58F46200F907CA;
			productRefGroup = 7A568DB72A58F46200F907CA /* Products */;
			projectDirPath = "";
			projectRoot = "";
			targets = (
				7A568DB52A58F46200F907CA /* YCForum */,
			);
		};
/* End PBXProject section */

/* Begin PBXResourcesBuildPhase section */
		7A568DB42A58F46200F907CA /* Resources */ = {
			isa = PBXResourcesBuildPhase;
			buildActionMask = 2147483647;
			files = (
				7A568DC12A58F46200F907CA /* Preview Assets.xcassets in Resources */,
				7A568DBE2A58F46200F907CA /* Assets.xcassets in Resources */,
			);
			runOnlyForDeploymentPostprocessing = 0;
		};
/* End PBXResourcesBuildPhase section */

/* Begin PBXSourcesBuildPhase section */
		7A568DB22A58F46200F907CA /* Sources */ = {
			isa = PBXSourcesBuildPhase;
			buildActionMask = 2147483647;
			files = (
				7A568DBA2A58F46200F907CA /* YCForumApp.swift in Sources */,
				7A568DD22A58FCF700F907CA /* DetailView.swift in Sources */,
				7A568DCC2A58F5FA00F907CA /* PageStyle.swift in Sources */,
				7A14ED6F2A99FB1E00835B76 /* Subjects.swift in Sources */,
				7A568DD02A58FBB300F907CA /* Theme.swift in Sources */,
				7A568DD42A59007600F907CA /* EditView.swift in Sources */,
				7A568DD62A59016B00F907CA /* ThemePicker.swift in Sources */,
				7A568DCE2A58FAF000F907CA /* CardView.swift in Sources */,
				7A568DD82A5901A300F907CA /* ThemeView.swift in Sources */,
				7AFECE752A5AA4B900256CA2 /* NewSheet.swift in Sources */,
				7A568DC92A58F53C00F907CA /* MainPage.swift in Sources */,
			);
			runOnlyForDeploymentPostprocessing = 0;
		};
/* End PBXSourcesBuildPhase section */

/* Begin XCBuildConfiguration section */
		7A568DC22A58F46200F907CA /* Debug */ = {
			isa = XCBuildConfiguration;
			buildSettings = {
				ALWAYS_SEARCH_USER_PATHS = NO;
				CLANG_ANALYZER_NONNULL = YES;
				CLANG_ANALYZER_NUMBER_OBJECT_CONVERSION = YES_AGGRESSIVE;
				CLANG_CXX_LANGUAGE_STANDARD = "gnu++20";
				CLANG_ENABLE_MODULES = YES;
				CLANG_ENABLE_OBJC_ARC = YES;
				CLANG_ENABLE_OBJC_WEAK = YES;
				CLANG_WARN_BLOCK_CAPTURE_AUTORELEASING = YES;
				CLANG_WARN_BOOL_CONVERSION = YES;
				CLANG_WARN_COMMA = YES;
				CLANG_WARN_CONSTANT_CONVERSION = YES;
				CLANG_WARN_DEPRECATED_OBJC_IMPLEMENTATIONS = YES;
				CLANG_WARN_DIRECT_OBJC_ISA_USAGE = YES_ERROR;
				CLANG_WARN_DOCUMENTATION_COMMENTS = YES;
				CLANG_WARN_EMPTY_BODY = YES;
				CLANG_WARN_ENUM_CONVERSION = YES;
				CLANG_WARN_INFINITE_RECURSION = YES;
				CLANG_WARN_INT_CONVERSION = YES;
				CLANG_WARN_NON_LITERAL_NULL_CONVERSION = YES;
				CLANG_WARN_OBJC_IMPLICIT_RETAIN_SELF = YES;
				CLANG_WARN_OBJC_LITERAL_CONVERSION = YES;
				CLANG_WARN_OBJC_ROOT_CLASS = YES_ERROR;
				CLANG_WARN_QUOTED_INCLUDE_IN_FRAMEWORK_HEADER = YES;
				CLANG_WARN_RANGE_LOOP_ANALYSIS = YES;
				CLANG_WARN_STRICT_PROTOTYPES = YES;
				CLANG_WARN_SUSPICIOUS_MOVE = YES;
				CLANG_WARN_UNGUARDED_AVAILABILITY = YES_AGGRESSIVE;
				CLANG_WARN_UNREACHABLE_CODE = YES;
				CLANG_WARN__DUPLICATE_METHOD_MATCH = YES;
				COPY_PHASE_STRIP = NO;
				DEBUG_INFORMATION_FORMAT = dwarf;
				ENABLE_STRICT_OBJC_MSGSEND = YES;
				ENABLE_TESTABILITY = YES;
				GCC_C_LANGUAGE_STANDARD = gnu11;
				GCC_DYNAMIC_NO_PIC = NO;
				GCC_NO_COMMON_BLOCKS = YES;
				GCC_OPTIMIZATION_LEVEL = 0;
				GCC_PREPROCESSOR_DEFINITIONS = (
					"DEBUG=1",
					"$(inherited)",
				);
				GCC_WARN_64_TO_32_BIT_CONVERSION = YES;
				GCC_WARN_ABOUT_RETURN_TYPE = YES_ERROR;
				GCC_WARN_UNDECLARED_SELECTOR = YES;
				GCC_WARN_UNINITIALIZED_AUTOS = YES_AGGRESSIVE;
				GCC_WARN_UNUSED_FUNCTION = YES;
				GCC_WARN_UNUSED_VARIABLE = YES;
				IPHONEOS_DEPLOYMENT_TARGET = 16.4;
				MTL_ENABLE_DEBUG_INFO = INCLUDE_SOURCE;
				MTL_FAST_MATH = YES;
				ONLY_ACTIVE_ARCH = YES;
				SDKROOT = iphoneos;
				SWIFT_ACTIVE_COMPILATION_CONDITIONS = DEBUG;
				SWIFT_OPTIMIZATION_LEVEL = "-Onone";
			};
			name = Debug;
		};
		7A568DC32A58F46200F907CA /* Release */ = {
			isa = XCBuildConfiguration;
			buildSettings = {
				ALWAYS_SEARCH_USER_PATHS = NO;
				CLANG_ANALYZER_NONNULL = YES;
				CLANG_ANALYZER_NUMBER_OBJECT_CONVERSION = YES_AGGRESSIVE;
				CLANG_CXX_LANGUAGE_STANDARD = "gnu++20";
				CLANG_ENABLE_MODULES = YES;
				CLANG_ENABLE_OBJC_ARC = YES;
				CLANG_ENABLE_OBJC_WEAK = YES;
				CLANG_WARN_BLOCK_CAPTURE_AUTORELEASING = YES;
				CLANG_WARN_BOOL_CONVERSION = YES;
				CLANG_WARN_COMMA = YES;
				CLANG_WARN_CONSTANT_CONVERSION = YES;
				CLANG_WARN_DEPRECATED_OBJC_IMPLEMENTATIONS = YES;
				CLANG_WARN_DIRECT_OBJC_ISA_USAGE = YES_ERROR;
				CLANG_WARN_DOCUMENTATION_COMMENTS = YES;
				CLANG_WARN_EMPTY_BODY = YES;
				CLANG_WARN_ENUM_CONVERSION = YES;
				CLANG_WARN_INFINITE_RECURSION = YES;
				CLANG_WARN_INT_CONVERSION = YES;
				CLANG_WARN_NON_LITERAL_NULL_CONVERSION = YES;
				CLANG_WARN_OBJC_IMPLICIT_RETAIN_SELF = YES;
				CLANG_WARN_OBJC_LITERAL_CONVERSION = YES;
				CLANG_WARN_OBJC_ROOT_CLASS = YES_ERROR;
				CLANG_WARN_QUOTED_INCLUDE_IN_FRAMEWORK_HEADER = YES;
				CLANG_WARN_RANGE_LOOP_ANALYSIS = YES;
				CLANG_WARN_STRICT_PROTOTYPES = YES;
				CLANG_WARN_SUSPICIOUS_MOVE = YES;
				CLANG_WARN_UNGUARDED_AVAILABILITY = YES_AGGRESSIVE;
				CLANG_WARN_UNREACHABLE_CODE = YES;
				CLANG_WARN__DUPLICATE_METHOD_MATCH = YES;
				COPY_PHASE_STRIP = NO;
				DEBUG_INFORMATION_FORMAT = "dwarf-with-dsym";
				ENABLE_NS_ASSERTIONS = NO;
				ENABLE_STRICT_OBJC_MSGSEND = YES;
				GCC_C_LANGUAGE_STANDARD = gnu11;
				GCC_NO_COMMON_BLOCKS = YES;
				GCC_WARN_64_TO_32_BIT_CONVERSION = YES;
				GCC_WARN_ABOUT_RETURN_TYPE = YES_ERROR;
				GCC_WARN_UNDECLARED_SELECTOR = YES;
				GCC_WARN_UNINITIALIZED_AUTOS = YES_AGGRESSIVE;
				GCC_WARN_UNUSED_FUNCTION = YES;
				GCC_WARN_UNUSED_VARIABLE = YES;
				IPHONEOS_DEPLOYMENT_TARGET = 16.4;
				MTL_ENABLE_DEBUG_INFO = NO;
				MTL_FAST_MATH = YES;
				SDKROOT = iphoneos;
				SWIFT_COMPILATION_MODE = wholemodule;
				SWIFT_OPTIMIZATION_LEVEL = "-O";
				VALIDATE_PRODUCT = YES;
			};
			name = Release;
		};
		7A568DC52A58F46200F907CA /* Debug */ = {
			isa = XCBuildConfiguration;
			buildSettings = {
				ASSETCATALOG_COMPILER_APPICON_NAME = AppIcon;
				ASSETCATALOG_COMPILER_GLOBAL_ACCENT_COLOR_NAME = AccentColor;
				CODE_SIGN_IDENTITY = "Apple Development";
				CODE_SIGN_STYLE = Automatic;
				CURRENT_PROJECT_VERSION = 1;
				DEVELOPMENT_ASSET_PATHS = "\"YCForum/Preview Content\"";
				DEVELOPMENT_TEAM = Y3FSZSGKX5;
				ENABLE_PREVIEWS = YES;
				GENERATE_INFOPLIST_FILE = YES;
				INFOPLIST_KEY_UIApplicationSceneManifest_Generation = YES;
				INFOPLIST_KEY_UIApplicationSupportsIndirectInputEvents = YES;
				INFOPLIST_KEY_UILaunchScreen_Generation = YES;
				INFOPLIST_KEY_UISupportedInterfaceOrientations_iPad = "UIInterfaceOrientationPortrait UIInterfaceOrientationPortraitUpsideDown UIInterfaceOrientationLandscapeLeft UIInterfaceOrientationLandscapeRight";
				INFOPLIST_KEY_UISupportedInterfaceOrientations_iPhone = "UIInterfaceOrientationPortrait UIInterfaceOrientationLandscapeLeft UIInterfaceOrientationLandscapeRight";
				LD_RUNPATH_SEARCH_PATHS = (
					"$(inherited)",
					"@executable_path/Frameworks",
				);
				MARKETING_VERSION = 1.0;
				PRODUCT_BUNDLE_IDENTIFIER = com.elo.YCForum;
				PRODUCT_NAME = "$(TARGET_NAME)";
				PROVISIONING_PROFILE_SPECIFIER = "";
				SWIFT_EMIT_LOC_STRINGS = YES;
				SWIFT_VERSION = 5.0;
				TARGETED_DEVICE_FAMILY = "1,2";
			};
			name = Debug;
		};
		7A568DC62A58F46200F907CA /* Release */ = {
			isa = XCBuildConfiguration;
			buildSettings = {
				ASSETCATALOG_COMPILER_APPICON_NAME = AppIcon;
				ASSETCATALOG_COMPILER_GLOBAL_ACCENT_COLOR_NAME = AccentColor;
				CODE_SIGN_IDENTITY = "Apple Development";
				CODE_SIGN_STYLE = Automatic;
				CURRENT_PROJECT_VERSION = 1;
				DEVELOPMENT_ASSET_PATHS = "\"YCForum/Preview Content\"";
				DEVELOPMENT_TEAM = Y3FSZSGKX5;
				ENABLE_PREVIEWS = YES;
				GENERATE_INFOPLIST_FILE = YES;
				INFOPLIST_KEY_UIApplicationSceneManifest_Generation = YES;
				INFOPLIST_KEY_UIApplicationSupportsIndirectInputEvents = YES;
				INFOPLIST_KEY_UILaunchScreen_Generation = YES;
				INFOPLIST_KEY_UISupportedInterfaceOrientations_iPad = "UIInterfaceOrientationPortrait UIInterfaceOrientationPortraitUpsideDown UIInterfaceOrientationLandscapeLeft UIInterfaceOrientationLandscapeRight";
				INFOPLIST_KEY_UISupportedInterfaceOrientations_iPhone = "UIInterfaceOrientationPortrait UIInterfaceOrientationLandscapeLeft UIInterfaceOrientationLandscapeRight";
				LD_RUNPATH_SEARCH_PATHS = (
					"$(inherited)",
					"@executable_path/Frameworks",
				);
				MARKETING_VERSION = 1.0;
				PRODUCT_BUNDLE_IDENTIFIER = com.elo.YCForum;
				PRODUCT_NAME = "$(TARGET_NAME)";
				PROVISIONING_PROFILE_SPECIFIER = "";
				SWIFT_EMIT_LOC_STRINGS = YES;
				SWIFT_VERSION = 5.0;
				TARGETED_DEVICE_FAMILY = "1,2";
			};
			name = Release;
		};
/* End XCBuildConfiguration section */

/* Begin XCConfigurationList section */
		7A568DB12A58F46200F907CA /* Build configuration list for PBXProject "YCForum" */ = {
			isa = XCConfigurationList;
			buildConfigurations = (
				7A568DC22A58F46200F907CA /* Debug */,
				7A568DC32A58F46200F907CA /* Release */,
			);
			defaultConfigurationIsVisible = 0;
			defaultConfigurationName = Release;
		};
		7A568DC42A58F46200F907CA /* Build configuration list for PBXNativeTarget "YCForum" */ = {
			isa = XCConfigurationList;
			buildConfigurations = (
				7A568DC52A58F46200F907CA /* Debug */,
				7A568DC62A58F46200F907CA /* Release */,
			);
			defaultConfigurationIsVisible = 0;
			defaultConfigurationName = Release;
		};
/* End XCConfigurationList section */
	};
	rootObject = 7A568DAE2A58F46200F907CA /* Project object */;
}
