// !$*UTF8*$!
{
	archiveVersion = 1;
	classes = {
	};
	objectVersion = 56;
	objects = {

/* Begin PBXBuildFile section */
		7A05D83A2ABDA49D00BE37C9 /* MainFunc.swift in Sources */ = {isa = PBXBuildFile; fileRef = 7A05D8392ABDA49D00BE37C9 /* MainFunc.swift */; };
		7A0615162ABFD3EF00779D31 /* Notificaton.swift in Sources */ = {isa = PBXBuildFile; fileRef = 7A0615152ABFD3EF00779D31 /* Notificaton.swift */; };
		7A1257FB2AC03849007D371E /* Launch Screen.storyboard in Resources */ = {isa = PBXBuildFile; fileRef = 7A1257FA2AC03849007D371E /* Launch Screen.storyboard */; };
		7A14ED6F2A99FB1E00835B76 /* Subjects.swift in Sources */ = {isa = PBXBuildFile; fileRef = 7A14ED6E2A99FB1E00835B76 /* Subjects.swift */; };
		7A14ED772A9A07EE00835B76 /* Format.swift in Sources */ = {isa = PBXBuildFile; fileRef = 7A14ED762A9A07EE00835B76 /* Format.swift */; };
		7A14ED792A9A0B5D00835B76 /* SubjectView.swift in Sources */ = {isa = PBXBuildFile; fileRef = 7A14ED782A9A0B5D00835B76 /* SubjectView.swift */; };
		7A14ED7B2A9A0E6B00835B76 /* FormatView.swift in Sources */ = {isa = PBXBuildFile; fileRef = 7A14ED7A2A9A0E6B00835B76 /* FormatView.swift */; };
		7A1E1A202B26B6020032F631 /* normalNoti.swift in Sources */ = {isa = PBXBuildFile; fileRef = 7A1E1A1F2B26B6020032F631 /* normalNoti.swift */; };
		7A24B84E2B29D4A600CB2AA0 /* saveTime.swift in Sources */ = {isa = PBXBuildFile; fileRef = 7A24B84D2B29D4A600CB2AA0 /* saveTime.swift */; };
		7A24B8522B29E07300CB2AA0 /* TodayPage.swift in Sources */ = {isa = PBXBuildFile; fileRef = 7A24B8512B29E07300CB2AA0 /* TodayPage.swift */; };
		7A568DBA2A58F46200F907CA /* Agenda.swift in Sources */ = {isa = PBXBuildFile; fileRef = 7A568DB92A58F46200F907CA /* Agenda.swift */; };
		7A568DBE2A58F46200F907CA /* Assets.xcassets in Resources */ = {isa = PBXBuildFile; fileRef = 7A568DBD2A58F46200F907CA /* Assets.xcassets */; };
		7A568DC12A58F46200F907CA /* Preview Assets.xcassets in Resources */ = {isa = PBXBuildFile; fileRef = 7A568DC02A58F46200F907CA /* Preview Assets.xcassets */; };
		7A568DC92A58F53C00F907CA /* MainPage.swift in Sources */ = {isa = PBXBuildFile; fileRef = 7A568DC82A58F53C00F907CA /* MainPage.swift */; };
		7A568DCC2A58F5FA00F907CA /* PageStyle.swift in Sources */ = {isa = PBXBuildFile; fileRef = 7A568DCB2A58F5FA00F907CA /* PageStyle.swift */; };
		7A568DCE2A58FAF000F907CA /* CardView.swift in Sources */ = {isa = PBXBuildFile; fileRef = 7A568DCD2A58FAF000F907CA /* CardView.swift */; };
		7A568DD02A58FBB300F907CA /* Theme.swift in Sources */ = {isa = PBXBuildFile; fileRef = 7A568DCF2A58FBB300F907CA /* Theme.swift */; };
		7A568DD22A58FCF700F907CA /* DetailPage.swift in Sources */ = {isa = PBXBuildFile; fileRef = 7A568DD12A58FCF700F907CA /* DetailPage.swift */; };
		7A568DD42A59007600F907CA /* EditView.swift in Sources */ = {isa = PBXBuildFile; fileRef = 7A568DD32A59007600F907CA /* EditView.swift */; };
		7A568DD62A59016B00F907CA /* PickerView.swift in Sources */ = {isa = PBXBuildFile; fileRef = 7A568DD52A59016B00F907CA /* PickerView.swift */; };
		7A568DD82A5901A300F907CA /* ThemeView.swift in Sources */ = {isa = PBXBuildFile; fileRef = 7A568DD72A5901A300F907CA /* ThemeView.swift */; };
		7A58AD762AF7CA55002F3C44 /* timeSelectionPicker.swift in Sources */ = {isa = PBXBuildFile; fileRef = 7A58AD752AF7CA55002F3C44 /* timeSelectionPicker.swift */; };
		7A599A4A2B08578700D87AAD /* SetSubject.swift in Sources */ = {isa = PBXBuildFile; fileRef = 7A599A492B08578700D87AAD /* SetSubject.swift */; };
		7A599A4E2B08587800D87AAD /* SelectionOFSubject.swift in Sources */ = {isa = PBXBuildFile; fileRef = 7A599A4D2B08587800D87AAD /* SelectionOFSubject.swift */; };
		7A599A502B08672600D87AAD /* SaveSettings.swift in Sources */ = {isa = PBXBuildFile; fileRef = 7A599A4F2B08672600D87AAD /* SaveSettings.swift */; };
		7A995AE52AE3701000A29AE8 /* Container.swift in Sources */ = {isa = PBXBuildFile; fileRef = 7A995AE42AE3701000A29AE8 /* Container.swift */; };
		7A995AE72AE3711E00A29AE8 /* SettingPage.swift in Sources */ = {isa = PBXBuildFile; fileRef = 7A995AE62AE3711E00A29AE8 /* SettingPage.swift */; };
		7A995AEC2AE37A0D00A29AE8 /* Setinfo.swift in Sources */ = {isa = PBXBuildFile; fileRef = 7A995AEB2AE37A0D00A29AE8 /* Setinfo.swift */; };
		7A995AEE2AE3F41700A29AE8 /* TimeSelectorView.swift in Sources */ = {isa = PBXBuildFile; fileRef = 7A995AED2AE3F41700A29AE8 /* TimeSelectorView.swift */; };
		7AA2BA392AF4FF4800FEC478 /* TimeView.swift in Sources */ = {isa = PBXBuildFile; fileRef = 7AA2BA382AF4FF4800FEC478 /* TimeView.swift */; };
		7AA2BA3B2AF50CFD00FEC478 /* Settings.swift in Sources */ = {isa = PBXBuildFile; fileRef = 7AA2BA3A2AF50CFD00FEC478 /* Settings.swift */; };
		7AB2A3562AA196E5003722E9 /* SaveData.swift in Sources */ = {isa = PBXBuildFile; fileRef = 7AB2A3552AA196E5003722E9 /* SaveData.swift */; };
		7AC6ED3C2B0CC95C00FF43DC /* BioPage.swift in Sources */ = {isa = PBXBuildFile; fileRef = 7AC6ED3B2B0CC95C00FF43DC /* BioPage.swift */; };
		7AC6ED3E2B0CCF2100FF43DC /* BioView.swift in Sources */ = {isa = PBXBuildFile; fileRef = 7AC6ED3D2B0CCF2100FF43DC /* BioView.swift */; };
		7ADFC3C02ABDBB0100732D5B /* EmptyView.swift in Sources */ = {isa = PBXBuildFile; fileRef = 7ADFC3BF2ABDBB0100732D5B /* EmptyView.swift */; };
		7AEACC0C2B18471000387C6E /* choiceOfSubject.swift in Sources */ = {isa = PBXBuildFile; fileRef = 7AEACC0B2B18471000387C6E /* choiceOfSubject.swift */; };
		7AEACC112B18622D00387C6E /* IntroPageType.swift in Sources */ = {isa = PBXBuildFile; fileRef = 7AEACC102B18622D00387C6E /* IntroPageType.swift */; };
		7AEACC152B18669F00387C6E /* IntroPageView.swift in Sources */ = {isa = PBXBuildFile; fileRef = 7AEACC142B18669F00387C6E /* IntroPageView.swift */; };
		7AEACC172B1868D500387C6E /* introPages.swift in Sources */ = {isa = PBXBuildFile; fileRef = 7AEACC162B1868D500387C6E /* introPages.swift */; };
		7AF5871D2AAD68D100D2071B /* datePicker.swift in Sources */ = {isa = PBXBuildFile; fileRef = 7AF5871C2AAD68D100D2071B /* datePicker.swift */; };
		7AFECE752A5AA4B900256CA2 /* NewSheet.swift in Sources */ = {isa = PBXBuildFile; fileRef = 7AFECE742A5AA4B900256CA2 /* NewSheet.swift */; };
/* End PBXBuildFile section */

/* Begin PBXFileReference section */
		7A05D8392ABDA49D00BE37C9 /* MainFunc.swift */ = {isa = PBXFileReference; lastKnownFileType = sourcecode.swift; path = MainFunc.swift; sourceTree = "<group>"; };
		7A0615152ABFD3EF00779D31 /* Notificaton.swift */ = {isa = PBXFileReference; lastKnownFileType = sourcecode.swift; path = Notificaton.swift; sourceTree = "<group>"; };
		7A1257FA2AC03849007D371E /* Launch Screen.storyboard */ = {isa = PBXFileReference; lastKnownFileType = file.storyboard; path = "Launch Screen.storyboard"; sourceTree = "<group>"; };
		7A14ED6E2A99FB1E00835B76 /* Subjects.swift */ = {isa = PBXFileReference; lastKnownFileType = sourcecode.swift; path = Subjects.swift; sourceTree = "<group>"; };
		7A14ED762A9A07EE00835B76 /* Format.swift */ = {isa = PBXFileReference; lastKnownFileType = sourcecode.swift; path = Format.swift; sourceTree = "<group>"; };
		7A14ED782A9A0B5D00835B76 /* SubjectView.swift */ = {isa = PBXFileReference; lastKnownFileType = sourcecode.swift; path = SubjectView.swift; sourceTree = "<group>"; };
		7A14ED7A2A9A0E6B00835B76 /* FormatView.swift */ = {isa = PBXFileReference; lastKnownFileType = sourcecode.swift; path = FormatView.swift; sourceTree = "<group>"; };
		7A1E1A1F2B26B6020032F631 /* normalNoti.swift */ = {isa = PBXFileReference; lastKnownFileType = sourcecode.swift; path = normalNoti.swift; sourceTree = "<group>"; };
		7A24B84D2B29D4A600CB2AA0 /* saveTime.swift */ = {isa = PBXFileReference; lastKnownFileType = sourcecode.swift; path = saveTime.swift; sourceTree = "<group>"; };
		7A24B8512B29E07300CB2AA0 /* TodayPage.swift */ = {isa = PBXFileReference; lastKnownFileType = sourcecode.swift; path = TodayPage.swift; sourceTree = "<group>"; };
		7A568DB62A58F46200F907CA /* YCForum.app */ = {isa = PBXFileReference; explicitFileType = wrapper.application; includeInIndex = 0; path = YCForum.app; sourceTree = BUILT_PRODUCTS_DIR; };
		7A568DB92A58F46200F907CA /* Agenda.swift */ = {isa = PBXFileReference; lastKnownFileType = sourcecode.swift; path = Agenda.swift; sourceTree = "<group>"; };
		7A568DBD2A58F46200F907CA /* Assets.xcassets */ = {isa = PBXFileReference; lastKnownFileType = folder.assetcatalog; path = Assets.xcassets; sourceTree = "<group>"; };
		7A568DC02A58F46200F907CA /* Preview Assets.xcassets */ = {isa = PBXFileReference; lastKnownFileType = folder.assetcatalog; path = "Preview Assets.xcassets"; sourceTree = "<group>"; };
		7A568DC82A58F53C00F907CA /* MainPage.swift */ = {isa = PBXFileReference; lastKnownFileType = sourcecode.swift; name = MainPage.swift; path = ../MainPage.swift; sourceTree = "<group>"; };
		7A568DCB2A58F5FA00F907CA /* PageStyle.swift */ = {isa = PBXFileReference; lastKnownFileType = sourcecode.swift; path = PageStyle.swift; sourceTree = "<group>"; };
		7A568DCD2A58FAF000F907CA /* CardView.swift */ = {isa = PBXFileReference; lastKnownFileType = sourcecode.swift; path = CardView.swift; sourceTree = "<group>"; };
		7A568DCF2A58FBB300F907CA /* Theme.swift */ = {isa = PBXFileReference; lastKnownFileType = sourcecode.swift; path = Theme.swift; sourceTree = "<group>"; };
		7A568DD12A58FCF700F907CA /* DetailPage.swift */ = {isa = PBXFileReference; lastKnownFileType = sourcecode.swift; path = DetailPage.swift; sourceTree = "<group>"; };
		7A568DD32A59007600F907CA /* EditView.swift */ = {isa = PBXFileReference; lastKnownFileType = sourcecode.swift; path = EditView.swift; sourceTree = "<group>"; };
		7A568DD52A59016B00F907CA /* PickerView.swift */ = {isa = PBXFileReference; lastKnownFileType = sourcecode.swift; path = PickerView.swift; sourceTree = "<group>"; };
		7A568DD72A5901A300F907CA /* ThemeView.swift */ = {isa = PBXFileReference; lastKnownFileType = sourcecode.swift; path = ThemeView.swift; sourceTree = "<group>"; };
		7A58AD752AF7CA55002F3C44 /* timeSelectionPicker.swift */ = {isa = PBXFileReference; lastKnownFileType = sourcecode.swift; path = timeSelectionPicker.swift; sourceTree = "<group>"; };
		7A599A492B08578700D87AAD /* SetSubject.swift */ = {isa = PBXFileReference; lastKnownFileType = sourcecode.swift; path = SetSubject.swift; sourceTree = "<group>"; };
		7A599A4D2B08587800D87AAD /* SelectionOFSubject.swift */ = {isa = PBXFileReference; lastKnownFileType = sourcecode.swift; path = SelectionOFSubject.swift; sourceTree = "<group>"; };
		7A599A4F2B08672600D87AAD /* SaveSettings.swift */ = {isa = PBXFileReference; lastKnownFileType = sourcecode.swift; path = SaveSettings.swift; sourceTree = "<group>"; };
		7A995AE42AE3701000A29AE8 /* Container.swift */ = {isa = PBXFileReference; lastKnownFileType = sourcecode.swift; path = Container.swift; sourceTree = "<group>"; };
		7A995AE62AE3711E00A29AE8 /* SettingPage.swift */ = {isa = PBXFileReference; lastKnownFileType = sourcecode.swift; path = SettingPage.swift; sourceTree = "<group>"; };
		7A995AEB2AE37A0D00A29AE8 /* Setinfo.swift */ = {isa = PBXFileReference; lastKnownFileType = sourcecode.swift; path = Setinfo.swift; sourceTree = "<group>"; };
		7A995AED2AE3F41700A29AE8 /* TimeSelectorView.swift */ = {isa = PBXFileReference; lastKnownFileType = sourcecode.swift; path = TimeSelectorView.swift; sourceTree = "<group>"; };
		7AA2BA382AF4FF4800FEC478 /* TimeView.swift */ = {isa = PBXFileReference; lastKnownFileType = sourcecode.swift; path = TimeView.swift; sourceTree = "<group>"; };
		7AA2BA3A2AF50CFD00FEC478 /* Settings.swift */ = {isa = PBXFileReference; lastKnownFileType = sourcecode.swift; path = Settings.swift; sourceTree = "<group>"; };
		7AB2A3552AA196E5003722E9 /* SaveData.swift */ = {isa = PBXFileReference; lastKnownFileType = sourcecode.swift; path = SaveData.swift; sourceTree = "<group>"; };
		7AC6ED3B2B0CC95C00FF43DC /* BioPage.swift */ = {isa = PBXFileReference; lastKnownFileType = sourcecode.swift; path = BioPage.swift; sourceTree = "<group>"; };
		7AC6ED3D2B0CCF2100FF43DC /* BioView.swift */ = {isa = PBXFileReference; lastKnownFileType = sourcecode.swift; path = BioView.swift; sourceTree = "<group>"; };
		7ADFC3BF2ABDBB0100732D5B /* EmptyView.swift */ = {isa = PBXFileReference; lastKnownFileType = sourcecode.swift; path = EmptyView.swift; sourceTree = "<group>"; };
		7AEACC0B2B18471000387C6E /* choiceOfSubject.swift */ = {isa = PBXFileReference; lastKnownFileType = sourcecode.swift; path = choiceOfSubject.swift; sourceTree = "<group>"; };
		7AEACC102B18622D00387C6E /* IntroPageType.swift */ = {isa = PBXFileReference; lastKnownFileType = sourcecode.swift; path = IntroPageType.swift; sourceTree = "<group>"; };
		7AEACC142B18669F00387C6E /* IntroPageView.swift */ = {isa = PBXFileReference; lastKnownFileType = sourcecode.swift; path = IntroPageView.swift; sourceTree = "<group>"; };
		7AEACC162B1868D500387C6E /* introPages.swift */ = {isa = PBXFileReference; lastKnownFileType = sourcecode.swift; path = introPages.swift; sourceTree = "<group>"; };
		7AF5871C2AAD68D100D2071B /* datePicker.swift */ = {isa = PBXFileReference; lastKnownFileType = sourcecode.swift; path = datePicker.swift; sourceTree = "<group>"; };
		7AFECE742A5AA4B900256CA2 /* NewSheet.swift */ = {isa = PBXFileReference; lastKnownFileType = sourcecode.swift; path = NewSheet.swift; sourceTree = "<group>"; };
/* End PBXFileReference section */

/* Begin PBXFrameworksBuildPhase section */
		7A568DB32A58F46200F907CA /* Frameworks */ = {
			isa = PBXFrameworksBuildPhase;
			buildActionMask = 2147483647;
			files = (
			);
			runOnlyForDeploymentPostprocessing = 0;
		};
/* End PBXFrameworksBuildPhase section */

/* Begin PBXGroup section */
		7A1257F92AC03832007D371E /* Other */ = {
			isa = PBXGroup;
			children = (
				7A1257FA2AC03849007D371E /* Launch Screen.storyboard */,
			);
			path = Other;
			sourceTree = "<group>";
		};
		7A1E1A1E2B26B5E10032F631 /* Notifi */ = {
			isa = PBXGroup;
			children = (
				7A0615152ABFD3EF00779D31 /* Notificaton.swift */,
				7A1E1A1F2B26B6020032F631 /* normalNoti.swift */,
			);
			path = Notifi;
			sourceTree = "<group>";
		};
		7A568DAD2A58F46200F907CA = {
			isa = PBXGroup;
			children = (
				7A568DB82A58F46200F907CA /* YCForum */,
				7A568DB72A58F46200F907CA /* Products */,
			);
			sourceTree = "<group>";
		};
		7A568DB72A58F46200F907CA /* Products */ = {
			isa = PBXGroup;
			children = (
				7A568DB62A58F46200F907CA /* YCForum.app */,
			);
			name = Products;
			sourceTree = "<group>";
		};
		7A568DB82A58F46200F907CA /* YCForum */ = {
			isa = PBXGroup;
			children = (
				7A1257F92AC03832007D371E /* Other */,
				7A977F762AB3164F0033062D /* Pages */,
				7AB2A3542AA196CD003722E9 /* Functions */,
				7A568DCA2A58F5DF00F907CA /* Styles */,
				7A568DC72A58F52600F907CA /* Views */,
				7A568DB92A58F46200F907CA /* Agenda.swift */,
				7A995AE42AE3701000A29AE8 /* Container.swift */,
				7A568DBD2A58F46200F907CA /* Assets.xcassets */,
				7A568DBF2A58F46200F907CA /* Preview Content */,
			);
			path = YCForum;
			sourceTree = "<group>";
		};
		7A568DBF2A58F46200F907CA /* Preview Content */ = {
			isa = PBXGroup;
			children = (
				7A568DC02A58F46200F907CA /* Preview Assets.xcassets */,
			);
			path = "Preview Content";
			sourceTree = "<group>";
		};
		7A568DC72A58F52600F907CA /* Views */ = {
			isa = PBXGroup;
			children = (
				7AEACC0D2B185E6B00387C6E /* Introduction */,
				7AEACC0A2B1846FA00387C6E /* InAppNotification */,
				7AA2BA332AF4FE1F00FEC478 /* SettingPageView */,
				7AA2BA322AF4FDF900FEC478 /* MainpageView */,
				7ADFC3BF2ABDBB0100732D5B /* EmptyView.swift */,
			);
			path = Views;
			sourceTree = "<group>";
		};
		7A568DCA2A58F5DF00F907CA /* Styles */ = {
			isa = PBXGroup;
			children = (
				7A14ED762A9A07EE00835B76 /* Format.swift */,
				7A568DCB2A58F5FA00F907CA /* PageStyle.swift */,
				7A995AEB2AE37A0D00A29AE8 /* Setinfo.swift */,
				7A14ED6E2A99FB1E00835B76 /* Subjects.swift */,
				7A568DCF2A58FBB300F907CA /* Theme.swift */,
			);
			path = Styles;
			sourceTree = "<group>";
		};
		7A599A4B2B08579200D87AAD /* AvaliableTime */ = {
			isa = PBXGroup;
			children = (
				7A995AED2AE3F41700A29AE8 /* TimeSelectorView.swift */,
				7AA2BA382AF4FF4800FEC478 /* TimeView.swift */,
			);
			path = AvaliableTime;
			sourceTree = "<group>";
		};
		7A599A4C2B08579C00D87AAD /* ChoiceOfSubject */ = {
			isa = PBXGroup;
			children = (
				7A599A492B08578700D87AAD /* SetSubject.swift */,
				7A599A4D2B08587800D87AAD /* SelectionOFSubject.swift */,
			);
			path = ChoiceOfSubject;
			sourceTree = "<group>";
		};
		7A977F762AB3164F0033062D /* Pages */ = {
			isa = PBXGroup;
			children = (
				7AFECE742A5AA4B900256CA2 /* NewSheet.swift */,
				7A568DC82A58F53C00F907CA /* MainPage.swift */,
				7A568DD12A58FCF700F907CA /* DetailPage.swift */,
				7A995AE62AE3711E00A29AE8 /* SettingPage.swift */,
				7A24B8512B29E07300CB2AA0 /* TodayPage.swift */,
			);
			name = Pages;
			path = Views/Pages;
			sourceTree = "<group>";
		};
		7AA2BA322AF4FDF900FEC478 /* MainpageView */ = {
			isa = PBXGroup;
			children = (
				7A568DCD2A58FAF000F907CA /* CardView.swift */,
				7A568DD32A59007600F907CA /* EditView.swift */,
				7A14ED782A9A0B5D00835B76 /* SubjectView.swift */,
				7A568DD52A59016B00F907CA /* PickerView.swift */,
				7A568DD72A5901A300F907CA /* ThemeView.swift */,
				7A14ED7A2A9A0E6B00835B76 /* FormatView.swift */,
				7AF5871C2AAD68D100D2071B /* datePicker.swift */,
				7A58AD752AF7CA55002F3C44 /* timeSelectionPicker.swift */,
			);
			path = MainpageView;
			sourceTree = "<group>";
		};
		7AA2BA332AF4FE1F00FEC478 /* SettingPageView */ = {
			isa = PBXGroup;
			children = (
				7AC6ED382B0CC93F00FF43DC /* BIO */,
				7A599A4B2B08579200D87AAD /* AvaliableTime */,
				7A599A4C2B08579C00D87AAD /* ChoiceOfSubject */,
			);
			path = SettingPageView;
			sourceTree = "<group>";
		};
		7AB2A3542AA196CD003722E9 /* Functions */ = {
			isa = PBXGroup;
			children = (
				7AB2A3552AA196E5003722E9 /* SaveData.swift */,
				7A599A4F2B08672600D87AAD /* SaveSettings.swift */,
				7A05D8392ABDA49D00BE37C9 /* MainFunc.swift */,
				7A1E1A1E2B26B5E10032F631 /* Notifi */,
				7AA2BA3A2AF50CFD00FEC478 /* Settings.swift */,
				7A24B84D2B29D4A600CB2AA0 /* saveTime.swift */,
			);
			path = Functions;
			sourceTree = "<group>";
		};
		7AC6ED382B0CC93F00FF43DC /* BIO */ = {
			isa = PBXGroup;
			children = (
				7AC6ED3F2B0CD50900FF43DC /* EmailSend */,
				7AC6ED3B2B0CC95C00FF43DC /* BioPage.swift */,
				7AC6ED3D2B0CCF2100FF43DC /* BioView.swift */,
			);
			path = BIO;
			sourceTree = "<group>";
		};
		7AC6ED3F2B0CD50900FF43DC /* EmailSend */ = {
			isa = PBXGroup;
			children = (
			);
			path = EmailSend;
			sourceTree = "<group>";
		};
		7AEACC0A2B1846FA00387C6E /* InAppNotification */ = {
			isa = PBXGroup;
			children = (
				7AEACC0B2B18471000387C6E /* choiceOfSubject.swift */,
			);
			path = InAppNotification;
			sourceTree = "<group>";
		};
		7AEACC0D2B185E6B00387C6E /* Introduction */ = {
			isa = PBXGroup;
			children = (
				7AEACC102B18622D00387C6E /* IntroPageType.swift */,
				7AEACC142B18669F00387C6E /* IntroPageView.swift */,
				7AEACC162B1868D500387C6E /* introPages.swift */,
			);
			path = Introduction;
			sourceTree = "<group>";
		};
/* End PBXGroup section */

/* Begin PBXNativeTarget section */
		7A568DB52A58F46200F907CA /* YCForum */ = {
			isa = PBXNativeTarget;
			buildConfigurationList = 7A568DC42A58F46200F907CA /* Build configuration list for PBXNativeTarget "YCForum" */;
			buildPhases = (
				7A568DB22A58F46200F907CA /* Sources */,
				7A568DB32A58F46200F907CA /* Frameworks */,
				7A568DB42A58F46200F907CA /* Resources */,
			);
			buildRules = (
			);
			dependencies = (
			);
			name = YCForum;
			productName = YCForum;
			productReference = 7A568DB62A58F46200F907CA /* YCForum.app */;
			productType = "com.apple.product-type.application";
		};
/* End PBXNativeTarget section */

/* Begin PBXProject section */
		7A568DAE2A58F46200F907CA /* Project object */ = {
			isa = PBXProject;
			attributes = {
				BuildIndependentTargetsInParallel = 1;
				LastSwiftUpdateCheck = 1430;
				LastUpgradeCheck = 1500;
				TargetAttributes = {
					7A568DB52A58F46200F907CA = {
						CreatedOnToolsVersion = 14.3.1;
					};
				};
			};
			buildConfigurationList = 7A568DB12A58F46200F907CA /* Build configuration list for PBXProject "YCForum" */;
			compatibilityVersion = "Xcode 14.0";
			developmentRegion = en;
			hasScannedForEncodings = 0;
			knownRegions = (
				en,
				Base,
			);
			mainGroup = 7A568DAD2A58F46200F907CA;
			productRefGroup = 7A568DB72A58F46200F907CA /* Products */;
			projectDirPath = "";
			projectRoot = "";
			targets = (
				7A568DB52A58F46200F907CA /* YCForum */,
			);
		};
/* End PBXProject section */

/* Begin PBXResourcesBuildPhase section */
		7A568DB42A58F46200F907CA /* Resources */ = {
			isa = PBXResourcesBuildPhase;
			buildActionMask = 2147483647;
			files = (
				7A1257FB2AC03849007D371E /* Launch Screen.storyboard in Resources */,
				7A568DC12A58F46200F907CA /* Preview Assets.xcassets in Resources */,
				7A568DBE2A58F46200F907CA /* Assets.xcassets in Resources */,
			);
			runOnlyForDeploymentPostprocessing = 0;
		};
/* End PBXResourcesBuildPhase section */

/* Begin PBXSourcesBuildPhase section */
		7A568DB22A58F46200F907CA /* Sources */ = {
			isa = PBXSourcesBuildPhase;
			buildActionMask = 2147483647;
			files = (
				7AEACC0C2B18471000387C6E /* choiceOfSubject.swift in Sources */,
				7A568DBA2A58F46200F907CA /* Agenda.swift in Sources */,
				7AA2BA3B2AF50CFD00FEC478 /* Settings.swift in Sources */,
				7AA2BA392AF4FF4800FEC478 /* TimeView.swift in Sources */,
				7AEACC152B18669F00387C6E /* IntroPageView.swift in Sources */,
				7A568DD22A58FCF700F907CA /* DetailPage.swift in Sources */,
				7A14ED772A9A07EE00835B76 /* Format.swift in Sources */,
				7A995AE72AE3711E00A29AE8 /* SettingPage.swift in Sources */,
				7A05D83A2ABDA49D00BE37C9 /* MainFunc.swift in Sources */,
				7A568DCC2A58F5FA00F907CA /* PageStyle.swift in Sources */,
				7A14ED6F2A99FB1E00835B76 /* Subjects.swift in Sources */,
				7AC6ED3C2B0CC95C00FF43DC /* BioPage.swift in Sources */,
				7A568DD02A58FBB300F907CA /* Theme.swift in Sources */,
				7A599A4E2B08587800D87AAD /* SelectionOFSubject.swift in Sources */,
				7A14ED7B2A9A0E6B00835B76 /* FormatView.swift in Sources */,
				7AF5871D2AAD68D100D2071B /* datePicker.swift in Sources */,
				7A568DD42A59007600F907CA /* EditView.swift in Sources */,
				7AEACC112B18622D00387C6E /* IntroPageType.swift in Sources */,
				7ADFC3C02ABDBB0100732D5B /* EmptyView.swift in Sources */,
				7A568DD62A59016B00F907CA /* PickerView.swift in Sources */,
				7A599A502B08672600D87AAD /* SaveSettings.swift in Sources */,
				7A1E1A202B26B6020032F631 /* normalNoti.swift in Sources */,
				7AC6ED3E2B0CCF2100FF43DC /* BioView.swift in Sources */,
				7A14ED792A9A0B5D00835B76 /* SubjectView.swift in Sources */,
				7A58AD762AF7CA55002F3C44 /* timeSelectionPicker.swift in Sources */,
				7A568DCE2A58FAF000F907CA /* CardView.swift in Sources */,
				7A568DD82A5901A300F907CA /* ThemeView.swift in Sources */,
				7A24B84E2B29D4A600CB2AA0 /* saveTime.swift in Sources */,
				7A995AEC2AE37A0D00A29AE8 /* Setinfo.swift in Sources */,
				7A0615162ABFD3EF00779D31 /* Notificaton.swift in Sources */,
				7A24B8522B29E07300CB2AA0 /* TodayPage.swift in Sources */,
				7AFECE752A5AA4B900256CA2 /* NewSheet.swift in Sources */,
				7A995AEE2AE3F41700A29AE8 /* TimeSelectorView.swift in Sources */,
				7AEACC172B1868D500387C6E /* introPages.swift in Sources */,
				7A995AE52AE3701000A29AE8 /* Container.swift in Sources */,
				7A599A4A2B08578700D87AAD /* SetSubject.swift in Sources */,
				7A568DC92A58F53C00F907CA /* MainPage.swift in Sources */,
				7AB2A3562AA196E5003722E9 /* SaveData.swift in Sources */,
			);
			runOnlyForDeploymentPostprocessing = 0;
		};
/* End PBXSourcesBuildPhase section */

/* Begin XCBuildConfiguration section */
		7A568DC22A58F46200F907CA /* Debug */ = {
			isa = XCBuildConfiguration;
			buildSettings = {
				ALWAYS_SEARCH_USER_PATHS = NO;
				CLANG_ANALYZER_NONNULL = YES;
				CLANG_ANALYZER_NUMBER_OBJECT_CONVERSION = YES_AGGRESSIVE;
				CLANG_CXX_LANGUAGE_STANDARD = "gnu++20";
				CLANG_ENABLE_MODULES = YES;
				CLANG_ENABLE_OBJC_ARC = YES;
				CLANG_ENABLE_OBJC_WEAK = YES;
				CLANG_WARN_BLOCK_CAPTURE_AUTORELEASING = YES;
				CLANG_WARN_BOOL_CONVERSION = YES;
				CLANG_WARN_COMMA = YES;
				CLANG_WARN_CONSTANT_CONVERSION = YES;
				CLANG_WARN_DEPRECATED_OBJC_IMPLEMENTATIONS = YES;
				CLANG_WARN_DIRECT_OBJC_ISA_USAGE = YES_ERROR;
				CLANG_WARN_DOCUMENTATION_COMMENTS = YES;
				CLANG_WARN_EMPTY_BODY = YES;
				CLANG_WARN_ENUM_CONVERSION = YES;
				CLANG_WARN_INFINITE_RECURSION = YES;
				CLANG_WARN_INT_CONVERSION = YES;
				CLANG_WARN_NON_LITERAL_NULL_CONVERSION = YES;
				CLANG_WARN_OBJC_IMPLICIT_RETAIN_SELF = YES;
				CLANG_WARN_OBJC_LITERAL_CONVERSION = YES;
				CLANG_WARN_OBJC_ROOT_CLASS = YES_ERROR;
				CLANG_WARN_QUOTED_INCLUDE_IN_FRAMEWORK_HEADER = YES;
				CLANG_WARN_RANGE_LOOP_ANALYSIS = YES;
				CLANG_WARN_STRICT_PROTOTYPES = YES;
				CLANG_WARN_SUSPICIOUS_MOVE = YES;
				CLANG_WARN_UNGUARDED_AVAILABILITY = YES_AGGRESSIVE;
				CLANG_WARN_UNREACHABLE_CODE = YES;
				CLANG_WARN__DUPLICATE_METHOD_MATCH = YES;
				COPY_PHASE_STRIP = NO;
				DEBUG_INFORMATION_FORMAT = dwarf;
				ENABLE_STRICT_OBJC_MSGSEND = YES;
				ENABLE_TESTABILITY = YES;
				ENABLE_USER_SCRIPT_SANDBOXING = YES;
				GCC_C_LANGUAGE_STANDARD = gnu11;
				GCC_DYNAMIC_NO_PIC = NO;
				GCC_NO_COMMON_BLOCKS = YES;
				GCC_OPTIMIZATION_LEVEL = 0;
				GCC_PREPROCESSOR_DEFINITIONS = (
					"DEBUG=1",
					"$(inherited)",
				);
				GCC_WARN_64_TO_32_BIT_CONVERSION = YES;
				GCC_WARN_ABOUT_RETURN_TYPE = YES_ERROR;
				GCC_WARN_UNDECLARED_SELECTOR = YES;
				GCC_WARN_UNINITIALIZED_AUTOS = YES_AGGRESSIVE;
				GCC_WARN_UNUSED_FUNCTION = YES;
				GCC_WARN_UNUSED_VARIABLE = YES;
				IPHONEOS_DEPLOYMENT_TARGET = 16.4;
				MTL_ENABLE_DEBUG_INFO = INCLUDE_SOURCE;
				MTL_FAST_MATH = YES;
				ONLY_ACTIVE_ARCH = YES;
				SDKROOT = iphoneos;
				SWIFT_ACTIVE_COMPILATION_CONDITIONS = DEBUG;
				SWIFT_OPTIMIZATION_LEVEL = "-Onone";
			};
			name = Debug;
		};
		7A568DC32A58F46200F907CA /* Release */ = {
			isa = XCBuildConfiguration;
			buildSettings = {
				ALWAYS_SEARCH_USER_PATHS = NO;
				CLANG_ANALYZER_NONNULL = YES;
				CLANG_ANALYZER_NUMBER_OBJECT_CONVERSION = YES_AGGRESSIVE;
				CLANG_CXX_LANGUAGE_STANDARD = "gnu++20";
				CLANG_ENABLE_MODULES = YES;
				CLANG_ENABLE_OBJC_ARC = YES;
				CLANG_ENABLE_OBJC_WEAK = YES;
				CLANG_WARN_BLOCK_CAPTURE_AUTORELEASING = YES;
				CLANG_WARN_BOOL_CONVERSION = YES;
				CLANG_WARN_COMMA = YES;
				CLANG_WARN_CONSTANT_CONVERSION = YES;
				CLANG_WARN_DEPRECATED_OBJC_IMPLEMENTATIONS = YES;
				CLANG_WARN_DIRECT_OBJC_ISA_USAGE = YES_ERROR;
				CLANG_WARN_DOCUMENTATION_COMMENTS = YES;
				CLANG_WARN_EMPTY_BODY = YES;
				CLANG_WARN_ENUM_CONVERSION = YES;
				CLANG_WARN_INFINITE_RECURSION = YES;
				CLANG_WARN_INT_CONVERSION = YES;
				CLANG_WARN_NON_LITERAL_NULL_CONVERSION = YES;
				CLANG_WARN_OBJC_IMPLICIT_RETAIN_SELF = YES;
				CLANG_WARN_OBJC_LITERAL_CONVERSION = YES;
				CLANG_WARN_OBJC_ROOT_CLASS = YES_ERROR;
				CLANG_WARN_QUOTED_INCLUDE_IN_FRAMEWORK_HEADER = YES;
				CLANG_WARN_RANGE_LOOP_ANALYSIS = YES;
				CLANG_WARN_STRICT_PROTOTYPES = YES;
				CLANG_WARN_SUSPICIOUS_MOVE = YES;
				CLANG_WARN_UNGUARDED_AVAILABILITY = YES_AGGRESSIVE;
				CLANG_WARN_UNREACHABLE_CODE = YES;
				CLANG_WARN__DUPLICATE_METHOD_MATCH = YES;
				COPY_PHASE_STRIP = NO;
				DEBUG_INFORMATION_FORMAT = "dwarf-with-dsym";
				ENABLE_NS_ASSERTIONS = NO;
				ENABLE_STRICT_OBJC_MSGSEND = YES;
				ENABLE_USER_SCRIPT_SANDBOXING = YES;
				GCC_C_LANGUAGE_STANDARD = gnu11;
				GCC_NO_COMMON_BLOCKS = YES;
				GCC_WARN_64_TO_32_BIT_CONVERSION = YES;
				GCC_WARN_ABOUT_RETURN_TYPE = YES_ERROR;
				GCC_WARN_UNDECLARED_SELECTOR = YES;
				GCC_WARN_UNINITIALIZED_AUTOS = YES_AGGRESSIVE;
				GCC_WARN_UNUSED_FUNCTION = YES;
				GCC_WARN_UNUSED_VARIABLE = YES;
				IPHONEOS_DEPLOYMENT_TARGET = 16.4;
				MTL_ENABLE_DEBUG_INFO = NO;
				MTL_FAST_MATH = YES;
				SDKROOT = iphoneos;
				SWIFT_COMPILATION_MODE = wholemodule;
				SWIFT_OPTIMIZATION_LEVEL = "-O";
				VALIDATE_PRODUCT = YES;
			};
			name = Release;
		};
		7A568DC52A58F46200F907CA /* Debug */ = {
			isa = XCBuildConfiguration;
			buildSettings = {
				ASSETCATALOG_COMPILER_APPICON_NAME = AppIcon;
				ASSETCATALOG_COMPILER_GLOBAL_ACCENT_COLOR_NAME = AccentColor;
				ASSETCATALOG_COMPILER_INCLUDE_ALL_APPICON_ASSETS = NO;
				CODE_SIGN_IDENTITY = "Apple Development";
				"CODE_SIGN_IDENTITY[sdk=iphoneos*]" = "iPhone Developer";
				CODE_SIGN_STYLE = Manual;
				CURRENT_PROJECT_VERSION = 2;
				DEVELOPMENT_ASSET_PATHS = "\"YCForum/Preview Content\"";
				DEVELOPMENT_TEAM = "";
				"DEVELOPMENT_TEAM[sdk=iphoneos*]" = Y3FSZSGKX5;
				ENABLE_PREVIEWS = YES;
				GENERATE_INFOPLIST_FILE = YES;
				INFOPLIST_KEY_CFBundleDisplayName = "Study Sphere";
				INFOPLIST_KEY_LSApplicationCategoryType = "public.app-category.productivity";
				INFOPLIST_KEY_UIApplicationSceneManifest_Generation = YES;
				INFOPLIST_KEY_UIApplicationSupportsIndirectInputEvents = YES;
				INFOPLIST_KEY_UILaunchScreen_Generation = YES;
				INFOPLIST_KEY_UILaunchStoryboardName = "Launch Screen.storyboard";
				INFOPLIST_KEY_UISupportedInterfaceOrientations = "UIInterfaceOrientationLandscapeLeft UIInterfaceOrientationLandscapeRight UIInterfaceOrientationPortrait UIInterfaceOrientationPortraitUpsideDown";
				IPHONEOS_DEPLOYMENT_TARGET = 16.0;
				LD_RUNPATH_SEARCH_PATHS = (
					"$(inherited)",
					"@executable_path/Frameworks",
				);
				MARKETING_VERSION = 0.1.1;
				PRODUCT_BUNDLE_IDENTIFIER = com.elo.YCForum;
				PRODUCT_NAME = "$(TARGET_NAME)";
				PROVISIONING_PROFILE_SPECIFIER = "";
				"PROVISIONING_PROFILE_SPECIFIER[sdk=iphoneos*]" = StudySphere_Profile;
				SWIFT_EMIT_LOC_STRINGS = YES;
				SWIFT_VERSION = 5.0;
				TARGETED_DEVICE_FAMILY = "1,2";
			};
			name = Debug;
		};
		7A568DC62A58F46200F907CA /* Release */ = {
			isa = XCBuildConfiguration;
			buildSettings = {
				ASSETCATALOG_COMPILER_APPICON_NAME = AppIcon;
				ASSETCATALOG_COMPILER_GLOBAL_ACCENT_COLOR_NAME = AccentColor;
				ASSETCATALOG_COMPILER_INCLUDE_ALL_APPICON_ASSETS = NO;
				CODE_SIGN_IDENTITY = "Apple Development";
				"CODE_SIGN_IDENTITY[sdk=iphoneos*]" = "iPhone Developer";
				CODE_SIGN_STYLE = Manual;
				CURRENT_PROJECT_VERSION = 2;
				DEVELOPMENT_ASSET_PATHS = "\"YCForum/Preview Content\"";
				DEVELOPMENT_TEAM = "";
				"DEVELOPMENT_TEAM[sdk=iphoneos*]" = Y3FSZSGKX5;
				ENABLE_PREVIEWS = YES;
				GENERATE_INFOPLIST_FILE = YES;
				INFOPLIST_KEY_CFBundleDisplayName = "Study Sphere";
				INFOPLIST_KEY_LSApplicationCategoryType = "public.app-category.productivity";
				INFOPLIST_KEY_UIApplicationSceneManifest_Generation = YES;
				INFOPLIST_KEY_UIApplicationSupportsIndirectInputEvents = YES;
				INFOPLIST_KEY_UILaunchScreen_Generation = YES;
				INFOPLIST_KEY_UILaunchStoryboardName = "Launch Screen.storyboard";
				INFOPLIST_KEY_UISupportedInterfaceOrientations = "UIInterfaceOrientationLandscapeLeft UIInterfaceOrientationLandscapeRight UIInterfaceOrientationPortrait UIInterfaceOrientationPortraitUpsideDown";
				IPHONEOS_DEPLOYMENT_TARGET = 16.0;
				LD_RUNPATH_SEARCH_PATHS = (
					"$(inherited)",
					"@executable_path/Frameworks",
				);
				MARKETING_VERSION = 0.1.1;
				PRODUCT_BUNDLE_IDENTIFIER = com.elo.YCForum;
				PRODUCT_NAME = "$(TARGET_NAME)";
				PROVISIONING_PROFILE_SPECIFIER = "";
				"PROVISIONING_PROFILE_SPECIFIER[sdk=iphoneos*]" = StudySphere_Profile;
				SWIFT_EMIT_LOC_STRINGS = YES;
				SWIFT_VERSION = 5.0;
				TARGETED_DEVICE_FAMILY = "1,2";
			};
			name = Release;
		};
/* End XCBuildConfiguration section */

/* Begin XCConfigurationList section */
		7A568DB12A58F46200F907CA /* Build configuration list for PBXProject "YCForum" */ = {
			isa = XCConfigurationList;
			buildConfigurations = (
				7A568DC22A58F46200F907CA /* Debug */,
				7A568DC32A58F46200F907CA /* Release */,
			);
			defaultConfigurationIsVisible = 0;
			defaultConfigurationName = Release;
		};
		7A568DC42A58F46200F907CA /* Build configuration list for PBXNativeTarget "YCForum" */ = {
			isa = XCConfigurationList;
			buildConfigurations = (
				7A568DC52A58F46200F907CA /* Debug */,
				7A568DC62A58F46200F907CA /* Release */,
			);
			defaultConfigurationIsVisible = 0;
			defaultConfigurationName = Release;
		};
/* End XCConfigurationList section */
	};
	rootObject = 7A568DAE2A58F46200F907CA /* Project object */;
}
